Microsoft Visual Studio Solution File, Format Version 11.00
# Visual Studio 2008

Project("{A1654ED6-61FF-4491-9AE8-8F15A1A1AEE5}") = "MariposaChandelier", "Assembly-CSharp-firstpass.csproj", "{182C03ED-26CA-7AE6-65D0-DB02C84F01BE}"
EndProject
Project("{A1654ED6-61FF-4491-9AE8-8F15A1A1AEE5}") = "MariposaChandelier", "Assembly-CSharp-Editor.csproj", "{B3EE78F5-FD91-9EB5-B75C-0E5C0C6640BC}"
EndProject
Project("{A1654ED6-61FF-4491-9AE8-8F15A1A1AEE5}") = "MariposaChandelier", "Assembly-UnityScript.unityproj", "{00851A9F-D017-E5FD-FB3B-E69A048CFD5C}"
EndProject
Global
	GlobalSection(SolutionConfigurationPlatforms) = preSolution
		Debug|Any CPU = Debug|Any CPU
		Release|Any CPU = Release|Any CPU
	EndGlobalSection
	GlobalSection(ProjectConfigurationPlatforms) = postSolution
		{182C03ED-26CA-7AE6-65D0-DB02C84F01BE}.Debug|Any CPU.ActiveCfg = Debug|Any CPU
		{182C03ED-26CA-7AE6-65D0-DB02C84F01BE}.Debug|Any CPU.Build.0 = Debug|Any CPU
		{182C03ED-26CA-7AE6-65D0-DB02C84F01BE}.Release|Any CPU.ActiveCfg = Release|Any CPU
		{182C03ED-26CA-7AE6-65D0-DB02C84F01BE}.Release|Any CPU.Build.0 = Release|Any CPU
		{B3EE78F5-FD91-9EB5-B75C-0E5C0C6640BC}.Debug|Any CPU.ActiveCfg = Debug|Any CPU
		{B3EE78F5-FD91-9EB5-B75C-0E5C0C6640BC}.Debug|Any CPU.Build.0 = Debug|Any CPU
		{B3EE78F5-FD91-9EB5-B75C-0E5C0C6640BC}.Release|Any CPU.ActiveCfg = Release|Any CPU
		{B3EE78F5-FD91-9EB5-B75C-0E5C0C6640BC}.Release|Any CPU.Build.0 = Release|Any CPU
		{00851A9F-D017-E5FD-FB3B-E69A048CFD5C}.Debug|Any CPU.ActiveCfg = Debug|Any CPU
		{00851A9F-D017-E5FD-FB3B-E69A048CFD5C}.Debug|Any CPU.Build.0 = Debug|Any CPU
		{00851A9F-D017-E5FD-FB3B-E69A048CFD5C}.Release|Any CPU.ActiveCfg = Release|Any CPU
		{00851A9F-D017-E5FD-FB3B-E69A048CFD5C}.Release|Any CPU.Build.0 = Release|Any CPU
	EndGlobalSection
	GlobalSection(SolutionProperties) = preSolution
		HideSolutionNode = FALSE
	EndGlobalSection
																																															GlobalSection(MonoDevelopProperties) = preSolution
		StartupItem = Assembly-CSharp.csproj
		Policies = $0
		$0.TextStylePolicy = $1
		$1.inheritsSet = null
		$1.scope = text/x-csharp
		$0.CSharpFormattingPolicy = $2
		$2.inheritsSet = Mono
		$2.inheritsScope = text/x-csharp
		$2.scope = text/x-csharp
		$0.TextStylePolicy = $3
		$3.FileWidth = 120
		$3.TabWidth = 4
		$3.EolMarker = Unix
		$3.inheritsSet = Mono
		$3.inheritsScope = text/plain
		$3.scope = text/plain
	EndGlobalSection

EndGlobal
